# This file is automatically @generated by Cargo.
# It is not intended for manual editing.
version = 4

[[package]]
name = "rustclamp-core"
version = "0.1.0"

[[package]]
name = "rustclamp-kernel"
version = "0.1.0"
dependencies = [
 "rustclamp-core",
]

[[package]]
name = "rustclamp-process-build-targets"
version = "0.1.0"
dependencies = [
 "rustclamp-core",
 "rustclamp-kernel",
]
